
Microsoft Visual Studio Solution File, Format Version 12.00
# Visual Studio Version 17
VisualStudioVersion = 17.3.32819.101
MinimumVisualStudioVersion = 10.0.40219.1
Project("{FAE04EC0-301F-11D3-BF4B-00C04F79EFBC}") = "SignalRWithAsp.NetCore", "SignalRWithAsp.NetCore.csproj", "{6741B608-E395-468F-90FB-4A96E1687893}"
EndProject
Global
	GlobalSection(SolutionConfigurationPlatforms) = preSolution
		Debug|Any CPU = Debug|Any CPU
		Release|Any CPU = Release|Any CPU
	EndGlobalSection
	GlobalSection(ProjectConfigurationPlatforms) = postSolution
		{6741B608-E395-468F-90FB-4A96E1687893}.Debug|Any CPU.ActiveCfg = Debug|Any CPU
		{6741B608-E395-468F-90FB-4A96E1687893}.Debug|Any CPU.Build.0 = Debug|Any CPU
		{6741B608-E395-468F-90FB-4A96E1687893}.Release|Any CPU.ActiveCfg = Release|Any CPU
		{6741B608-E395-468F-90FB-4A96E1687893}.Release|Any CPU.Build.0 = Release|Any CPU
	EndGlobalSection
	GlobalSection(SolutionProperties) = preSolution
		HideSolutionNode = FALSE
	EndGlobalSection
	GlobalSection(ExtensibilityGlobals) = postSolution
		SolutionGuid = {59821F9D-7FFC-44A7-8207-2277C23B3580}
	EndGlobalSection
EndGlobal
